
Microsoft Visual Studio Solution File, Format Version 12.00
# Visual Studio Version 17
VisualStudioVersion = 17.9.34728.123
MinimumVisualStudioVersion = 10.0.40219.1
Project("{FAE04EC0-301F-11D3-BF4B-00C04F79EFBC}") = "Flappy Bird", "Flappy Bird\Flappy Bird.csproj", "{0B9E5112-2028-4991-803D-6339D2B29D9E}"
EndProject
Global
	GlobalSection(SolutionConfigurationPlatforms) = preSolution
		Debug|Any CPU = Debug|Any CPU
		Release|Any CPU = Release|Any CPU
	EndGlobalSection
	GlobalSection(ProjectConfigurationPlatforms) = postSolution
		{0B9E5112-2028-4991-803D-6339D2B29D9E}.Debug|Any CPU.ActiveCfg = Debug|Any CPU
		{0B9E5112-2028-4991-803D-6339D2B29D9E}.Debug|Any CPU.Build.0 = Debug|Any CPU
		{0B9E5112-2028-4991-803D-6339D2B29D9E}.Release|Any CPU.ActiveCfg = Release|Any CPU
		{0B9E5112-2028-4991-803D-6339D2B29D9E}.Release|Any CPU.Build.0 = Release|Any CPU
	EndGlobalSection
	GlobalSection(SolutionProperties) = preSolution
		HideSolutionNode = FALSE
	EndGlobalSection
	GlobalSection(ExtensibilityGlobals) = postSolution
		SolutionGuid = {472E1ECD-7B78-480F-95D9-07178DA140AF}
	EndGlobalSection
EndGlobal
